// !$*UTF8*$!
{
	archiveVersion = 1;
	classes = {
	};
	objectVersion = 56;
	objects = {

/* Begin PBXBuildFile section */
		641FA3352A49A2DA00EB8C54 /* Constant.swift in Sources */ = {isa = PBXBuildFile; fileRef = 641FA3342A49A2DA00EB8C54 /* Constant.swift */; };
		649677AB2A4202BE00F032F0 /* MailView.swift in Sources */ = {isa = PBXBuildFile; fileRef = 649677AA2A4202BE00F032F0 /* MailView.swift */; };
		649677AE2A4207BF00F032F0 /* MailConfiguration.swift in Sources */ = {isa = PBXBuildFile; fileRef = 649677AD2A4207BF00F032F0 /* MailConfiguration.swift */; };
		649677B02A420A4A00F032F0 /* UIDevice.swift in Sources */ = {isa = PBXBuildFile; fileRef = 649677AF2A420A4A00F032F0 /* UIDevice.swift */; };
		64B749552A3CE013009D6EF2 /* dancefreeApp.swift in Sources */ = {isa = PBXBuildFile; fileRef = 64B749542A3CE013009D6EF2 /* dancefreeApp.swift */; };
		64B749592A3CE013009D6EF2 /* Assets.xcassets in Resources */ = {isa = PBXBuildFile; fileRef = 64B749582A3CE013009D6EF2 /* Assets.xcassets */; };
		64B7495C2A3CE013009D6EF2 /* Preview Assets.xcassets in Resources */ = {isa = PBXBuildFile; fileRef = 64B7495B2A3CE013009D6EF2 /* Preview Assets.xcassets */; };
		64B7496C2A3CE0E6009D6EF2 /* SettingsView.swift in Sources */ = {isa = PBXBuildFile; fileRef = 64B749642A3CE0E6009D6EF2 /* SettingsView.swift */; };
		64B7496D2A3CE0E6009D6EF2 /* HomeView.swift in Sources */ = {isa = PBXBuildFile; fileRef = 64B749652A3CE0E6009D6EF2 /* HomeView.swift */; };
		64B7496E2A3CE0E6009D6EF2 /* ClassesView.swift in Sources */ = {isa = PBXBuildFile; fileRef = 64B749662A3CE0E6009D6EF2 /* ClassesView.swift */; };
		64B7496F2A3CE0E6009D6EF2 /* MainView.swift in Sources */ = {isa = PBXBuildFile; fileRef = 64B749672A3CE0E6009D6EF2 /* MainView.swift */; };
		64B749702A3CE0E6009D6EF2 /* OnboardingView.swift in Sources */ = {isa = PBXBuildFile; fileRef = 64B749682A3CE0E6009D6EF2 /* OnboardingView.swift */; };
		64B749712A3CE0E6009D6EF2 /* ContentView.swift in Sources */ = {isa = PBXBuildFile; fileRef = 64B749692A3CE0E6009D6EF2 /* ContentView.swift */; };
		64B749722A3CE0E6009D6EF2 /* VideoListView.swift in Sources */ = {isa = PBXBuildFile; fileRef = 64B7496A2A3CE0E6009D6EF2 /* VideoListView.swift */; };
		64B749982A3CE11B009D6EF2 /* VideoModel.swift in Sources */ = {isa = PBXBuildFile; fileRef = 64B7497B2A3CE11B009D6EF2 /* VideoModel.swift */; };
		64B749992A3CE11B009D6EF2 /* ClassModel.swift in Sources */ = {isa = PBXBuildFile; fileRef = 64B7497C2A3CE11B009D6EF2 /* ClassModel.swift */; };
		64B7499A2A3CE11B009D6EF2 /* OnBoardingModel.swift in Sources */ = {isa = PBXBuildFile; fileRef = 64B7497D2A3CE11B009D6EF2 /* OnBoardingModel.swift */; };
		64B7499C2A3CE11B009D6EF2 /* NotificationsManager.swift in Sources */ = {isa = PBXBuildFile; fileRef = 64B749802A3CE11B009D6EF2 /* NotificationsManager.swift */; };
		64B7499D2A3CE11B009D6EF2 /* VideoCardView.swift in Sources */ = {isa = PBXBuildFile; fileRef = 64B749832A3CE11B009D6EF2 /* VideoCardView.swift */; };
		64B7499E2A3CE11B009D6EF2 /* ClassHeaderView.swift in Sources */ = {isa = PBXBuildFile; fileRef = 64B749842A3CE11B009D6EF2 /* ClassHeaderView.swift */; };
		64B7499F2A3CE11B009D6EF2 /* LessonsTabView.swift in Sources */ = {isa = PBXBuildFile; fileRef = 64B749852A3CE11B009D6EF2 /* LessonsTabView.swift */; };
		64B749A02A3CE11B009D6EF2 /* VideoImageItemView.swift in Sources */ = {isa = PBXBuildFile; fileRef = 64B749872A3CE11B009D6EF2 /* VideoImageItemView.swift */; };
		64B749A12A3CE11B009D6EF2 /* ClassCardView.swift in Sources */ = {isa = PBXBuildFile; fileRef = 64B749882A3CE11B009D6EF2 /* ClassCardView.swift */; };
		64B749A22A3CE11B009D6EF2 /* VideoListItemView.swift in Sources */ = {isa = PBXBuildFile; fileRef = 64B749892A3CE11B009D6EF2 /* VideoListItemView.swift */; };
		64B749A42A3CE11B009D6EF2 /* StartButtonView.swift in Sources */ = {isa = PBXBuildFile; fileRef = 64B7498C2A3CE11B009D6EF2 /* StartButtonView.swift */; };
		64B749A62A3CE11B009D6EF2 /* VideoPlayerView.swift in Sources */ = {isa = PBXBuildFile; fileRef = 64B7498F2A3CE11B009D6EF2 /* VideoPlayerView.swift */; };
		64B749A72A3CE11B009D6EF2 /* Date+RawPepresentable.swift in Sources */ = {isa = PBXBuildFile; fileRef = 64B749912A3CE11B009D6EF2 /* Date+RawPepresentable.swift */; };
		64B749A82A3CE11B009D6EF2 /* CodableBundleExtention.swift in Sources */ = {isa = PBXBuildFile; fileRef = 64B749922A3CE11B009D6EF2 /* CodableBundleExtention.swift */; };
		64B749A92A3CE11B009D6EF2 /* UIApplication+AppVersions.swift in Sources */ = {isa = PBXBuildFile; fileRef = 64B749932A3CE11B009D6EF2 /* UIApplication+AppVersions.swift */; };
		64B749AE2A3CE3D1009D6EF2 /* lesson_twerk_1.mp4 in Resources */ = {isa = PBXBuildFile; fileRef = 64B749AD2A3CE3D1009D6EF2 /* lesson_twerk_1.mp4 */; };
		64B749B42A3D7D14009D6EF2 /* OnboardingCardView.swift in Sources */ = {isa = PBXBuildFile; fileRef = 64B749B32A3D7D14009D6EF2 /* OnboardingCardView.swift */; };
		64E67F792A6BED6F0045C91F /* classes.json in Resources */ = {isa = PBXBuildFile; fileRef = 64E67F772A6BED6F0045C91F /* classes.json */; };
		64E67F7A2A6BED6F0045C91F /* onboarding.json in Resources */ = {isa = PBXBuildFile; fileRef = 64E67F782A6BED6F0045C91F /* onboarding.json */; };
/* End PBXBuildFile section */

/* Begin PBXFileReference section */
		641FA3342A49A2DA00EB8C54 /* Constant.swift */ = {isa = PBXFileReference; lastKnownFileType = sourcecode.swift; path = Constant.swift; sourceTree = "<group>"; };
		649677AA2A4202BE00F032F0 /* MailView.swift */ = {isa = PBXFileReference; lastKnownFileType = sourcecode.swift; path = MailView.swift; sourceTree = "<group>"; };
		649677AD2A4207BF00F032F0 /* MailConfiguration.swift */ = {isa = PBXFileReference; lastKnownFileType = sourcecode.swift; path = MailConfiguration.swift; sourceTree = "<group>"; };
		649677AF2A420A4A00F032F0 /* UIDevice.swift */ = {isa = PBXFileReference; lastKnownFileType = sourcecode.swift; path = UIDevice.swift; sourceTree = "<group>"; };
		64B749512A3CE013009D6EF2 /* dancefree.app */ = {isa = PBXFileReference; explicitFileType = wrapper.application; includeInIndex = 0; path = dancefree.app; sourceTree = BUILT_PRODUCTS_DIR; };
		64B749542A3CE013009D6EF2 /* dancefreeApp.swift */ = {isa = PBXFileReference; lastKnownFileType = sourcecode.swift; name = dancefreeApp.swift; path = ../dancefreeApp.swift; sourceTree = "<group>"; };
		64B749582A3CE013009D6EF2 /* Assets.xcassets */ = {isa = PBXFileReference; lastKnownFileType = folder.assetcatalog; path = Assets.xcassets; sourceTree = "<group>"; };
		64B7495B2A3CE013009D6EF2 /* Preview Assets.xcassets */ = {isa = PBXFileReference; lastKnownFileType = folder.assetcatalog; path = "Preview Assets.xcassets"; sourceTree = "<group>"; };
		64B749642A3CE0E6009D6EF2 /* SettingsView.swift */ = {isa = PBXFileReference; fileEncoding = 4; lastKnownFileType = sourcecode.swift; path = SettingsView.swift; sourceTree = "<group>"; };
		64B749652A3CE0E6009D6EF2 /* HomeView.swift */ = {isa = PBXFileReference; fileEncoding = 4; lastKnownFileType = sourcecode.swift; path = HomeView.swift; sourceTree = "<group>"; };
		64B749662A3CE0E6009D6EF2 /* ClassesView.swift */ = {isa = PBXFileReference; fileEncoding = 4; lastKnownFileType = sourcecode.swift; path = ClassesView.swift; sourceTree = "<group>"; };
		64B749672A3CE0E6009D6EF2 /* MainView.swift */ = {isa = PBXFileReference; fileEncoding = 4; lastKnownFileType = sourcecode.swift; path = MainView.swift; sourceTree = "<group>"; };
		64B749682A3CE0E6009D6EF2 /* OnboardingView.swift */ = {isa = PBXFileReference; fileEncoding = 4; lastKnownFileType = sourcecode.swift; path = OnboardingView.swift; sourceTree = "<group>"; };
		64B749692A3CE0E6009D6EF2 /* ContentView.swift */ = {isa = PBXFileReference; fileEncoding = 4; lastKnownFileType = sourcecode.swift; path = ContentView.swift; sourceTree = "<group>"; };
		64B7496A2A3CE0E6009D6EF2 /* VideoListView.swift */ = {isa = PBXFileReference; fileEncoding = 4; lastKnownFileType = sourcecode.swift; path = VideoListView.swift; sourceTree = "<group>"; };
		64B7497B2A3CE11B009D6EF2 /* VideoModel.swift */ = {isa = PBXFileReference; fileEncoding = 4; lastKnownFileType = sourcecode.swift; path = VideoModel.swift; sourceTree = "<group>"; };
		64B7497C2A3CE11B009D6EF2 /* ClassModel.swift */ = {isa = PBXFileReference; fileEncoding = 4; lastKnownFileType = sourcecode.swift; path = ClassModel.swift; sourceTree = "<group>"; };
		64B7497D2A3CE11B009D6EF2 /* OnBoardingModel.swift */ = {isa = PBXFileReference; fileEncoding = 4; lastKnownFileType = sourcecode.swift; path = OnBoardingModel.swift; sourceTree = "<group>"; };
		64B749802A3CE11B009D6EF2 /* NotificationsManager.swift */ = {isa = PBXFileReference; fileEncoding = 4; lastKnownFileType = sourcecode.swift; path = NotificationsManager.swift; sourceTree = "<group>"; };
		64B749832A3CE11B009D6EF2 /* VideoCardView.swift */ = {isa = PBXFileReference; fileEncoding = 4; lastKnownFileType = sourcecode.swift; path = VideoCardView.swift; sourceTree = "<group>"; };
		64B749842A3CE11B009D6EF2 /* ClassHeaderView.swift */ = {isa = PBXFileReference; fileEncoding = 4; lastKnownFileType = sourcecode.swift; path = ClassHeaderView.swift; sourceTree = "<group>"; };
		64B749852A3CE11B009D6EF2 /* LessonsTabView.swift */ = {isa = PBXFileReference; fileEncoding = 4; lastKnownFileType = sourcecode.swift; path = LessonsTabView.swift; sourceTree = "<group>"; };
		64B749872A3CE11B009D6EF2 /* VideoImageItemView.swift */ = {isa = PBXFileReference; fileEncoding = 4; lastKnownFileType = sourcecode.swift; path = VideoImageItemView.swift; sourceTree = "<group>"; };
		64B749882A3CE11B009D6EF2 /* ClassCardView.swift */ = {isa = PBXFileReference; fileEncoding = 4; lastKnownFileType = sourcecode.swift; path = ClassCardView.swift; sourceTree = "<group>"; };
		64B749892A3CE11B009D6EF2 /* VideoListItemView.swift */ = {isa = PBXFileReference; fileEncoding = 4; lastKnownFileType = sourcecode.swift; path = VideoListItemView.swift; sourceTree = "<group>"; };
		64B7498C2A3CE11B009D6EF2 /* StartButtonView.swift */ = {isa = PBXFileReference; fileEncoding = 4; lastKnownFileType = sourcecode.swift; path = StartButtonView.swift; sourceTree = "<group>"; };
		64B7498F2A3CE11B009D6EF2 /* VideoPlayerView.swift */ = {isa = PBXFileReference; fileEncoding = 4; lastKnownFileType = sourcecode.swift; path = VideoPlayerView.swift; sourceTree = "<group>"; };
		64B749912A3CE11B009D6EF2 /* Date+RawPepresentable.swift */ = {isa = PBXFileReference; fileEncoding = 4; lastKnownFileType = sourcecode.swift; path = "Date+RawPepresentable.swift"; sourceTree = "<group>"; };
		64B749922A3CE11B009D6EF2 /* CodableBundleExtention.swift */ = {isa = PBXFileReference; fileEncoding = 4; lastKnownFileType = sourcecode.swift; path = CodableBundleExtention.swift; sourceTree = "<group>"; };
		64B749932A3CE11B009D6EF2 /* UIApplication+AppVersions.swift */ = {isa = PBXFileReference; fileEncoding = 4; lastKnownFileType = sourcecode.swift; path = "UIApplication+AppVersions.swift"; sourceTree = "<group>"; };
		64B749AC2A3CE1EC009D6EF2 /* dancefree.entitlements */ = {isa = PBXFileReference; lastKnownFileType = text.plist.entitlements; path = dancefree.entitlements; sourceTree = "<group>"; };
		64B749AD2A3CE3D1009D6EF2 /* lesson_twerk_1.mp4 */ = {isa = PBXFileReference; lastKnownFileType = file; path = lesson_twerk_1.mp4; sourceTree = "<group>"; };
		64B749B32A3D7D14009D6EF2 /* OnboardingCardView.swift */ = {isa = PBXFileReference; fileEncoding = 4; lastKnownFileType = sourcecode.swift; path = OnboardingCardView.swift; sourceTree = "<group>"; };
		64E67F772A6BED6F0045C91F /* classes.json */ = {isa = PBXFileReference; fileEncoding = 4; lastKnownFileType = text.json; path = classes.json; sourceTree = "<group>"; };
		64E67F782A6BED6F0045C91F /* onboarding.json */ = {isa = PBXFileReference; fileEncoding = 4; lastKnownFileType = text.json; path = onboarding.json; sourceTree = "<group>"; };
/* End PBXFileReference section */

/* Begin PBXFrameworksBuildPhase section */
		64B7494E2A3CE013009D6EF2 /* Frameworks */ = {
			isa = PBXFrameworksBuildPhase;
			buildActionMask = 2147483647;
			files = (
			);
			runOnlyForDeploymentPostprocessing = 0;
		};
/* End PBXFrameworksBuildPhase section */

/* Begin PBXGroup section */
		641FA3332A49A2C100EB8C54 /* Utility */ = {
			isa = PBXGroup;
			children = (
				641FA3342A49A2DA00EB8C54 /* Constant.swift */,
			);
			path = Utility;
			sourceTree = "<group>";
		};
		649677AC2A4207A200F032F0 /* Mail */ = {
			isa = PBXGroup;
			children = (
				649677AD2A4207BF00F032F0 /* MailConfiguration.swift */,
			);
			path = Mail;
			sourceTree = "<group>";
		};
		64B749482A3CE013009D6EF2 = {
			isa = PBXGroup;
			children = (
				64B749532A3CE013009D6EF2 /* dancefree */,
				64B749522A3CE013009D6EF2 /* Products */,
			);
			sourceTree = "<group>";
		};
		64B749522A3CE013009D6EF2 /* Products */ = {
			isa = PBXGroup;
			children = (
				64B749512A3CE013009D6EF2 /* dancefree.app */,
			);
			name = Products;
			sourceTree = "<group>";
		};
		64B749532A3CE013009D6EF2 /* dancefree */ = {
			isa = PBXGroup;
			children = (
				641FA3332A49A2C100EB8C54 /* Utility */,
				649677AC2A4207A200F032F0 /* Mail */,
				64B749AC2A3CE1EC009D6EF2 /* dancefree.entitlements */,
				64B749742A3CE11B009D6EF2 /* Data */,
				64B749902A3CE11B009D6EF2 /* Extention */,
				64B7497A2A3CE11B009D6EF2 /* Model */,
				64B7497F2A3CE11B009D6EF2 /* Notification */,
				64B749812A3CE11B009D6EF2 /* View */,
				64B749622A3CE0E6009D6EF2 /* App */,
				64B749582A3CE013009D6EF2 /* Assets.xcassets */,
				64B7495A2A3CE013009D6EF2 /* Preview Content */,
			);
			path = dancefree;
			sourceTree = "<group>";
		};
		64B7495A2A3CE013009D6EF2 /* Preview Content */ = {
			isa = PBXGroup;
			children = (
				64B7495B2A3CE013009D6EF2 /* Preview Assets.xcassets */,
			);
			path = "Preview Content";
			sourceTree = "<group>";
		};
		64B749622A3CE0E6009D6EF2 /* App */ = {
			isa = PBXGroup;
			children = (
				64B749542A3CE013009D6EF2 /* dancefreeApp.swift */,
				64B749642A3CE0E6009D6EF2 /* SettingsView.swift */,
				64B749652A3CE0E6009D6EF2 /* HomeView.swift */,
				64B749662A3CE0E6009D6EF2 /* ClassesView.swift */,
				64B749672A3CE0E6009D6EF2 /* MainView.swift */,
				64B749682A3CE0E6009D6EF2 /* OnboardingView.swift */,
				64B749692A3CE0E6009D6EF2 /* ContentView.swift */,
				64B7496A2A3CE0E6009D6EF2 /* VideoListView.swift */,
			);
			path = App;
			sourceTree = "<group>";
		};
		64B749742A3CE11B009D6EF2 /* Data */ = {
			isa = PBXGroup;
			children = (
				64E67F762A6BED5F0045C91F /* JSON */,
				64B749752A3CE11B009D6EF2 /* Video */,
			);
			path = Data;
			sourceTree = "<group>";
		};
		64B749752A3CE11B009D6EF2 /* Video */ = {
			isa = PBXGroup;
			children = (
				64B749AD2A3CE3D1009D6EF2 /* lesson_twerk_1.mp4 */,
			);
			path = Video;
			sourceTree = "<group>";
		};
		64B7497A2A3CE11B009D6EF2 /* Model */ = {
			isa = PBXGroup;
			children = (
				64B7497B2A3CE11B009D6EF2 /* VideoModel.swift */,
				64B7497C2A3CE11B009D6EF2 /* ClassModel.swift */,
				64B7497D2A3CE11B009D6EF2 /* OnBoardingModel.swift */,
			);
			path = Model;
			sourceTree = "<group>";
		};
		64B7497F2A3CE11B009D6EF2 /* Notification */ = {
			isa = PBXGroup;
			children = (
				64B749802A3CE11B009D6EF2 /* NotificationsManager.swift */,
			);
			path = Notification;
			sourceTree = "<group>";
		};
		64B749812A3CE11B009D6EF2 /* View */ = {
			isa = PBXGroup;
			children = (
				64B749822A3CE11B009D6EF2 /* HomePage */,
				64B749862A3CE11B009D6EF2 /* Classes */,
				64B7498B2A3CE11B009D6EF2 /* Onboarding */,
				64B7498E2A3CE11B009D6EF2 /* Player */,
				649677AA2A4202BE00F032F0 /* MailView.swift */,
			);
			path = View;
			sourceTree = "<group>";
		};
		64B749822A3CE11B009D6EF2 /* HomePage */ = {
			isa = PBXGroup;
			children = (
				64B749832A3CE11B009D6EF2 /* VideoCardView.swift */,
				64B749842A3CE11B009D6EF2 /* ClassHeaderView.swift */,
				64B749852A3CE11B009D6EF2 /* LessonsTabView.swift */,
			);
			path = HomePage;
			sourceTree = "<group>";
		};
		64B749862A3CE11B009D6EF2 /* Classes */ = {
			isa = PBXGroup;
			children = (
				64B749872A3CE11B009D6EF2 /* VideoImageItemView.swift */,
				64B749882A3CE11B009D6EF2 /* ClassCardView.swift */,
				64B749892A3CE11B009D6EF2 /* VideoListItemView.swift */,
			);
			path = Classes;
			sourceTree = "<group>";
		};
		64B7498B2A3CE11B009D6EF2 /* Onboarding */ = {
			isa = PBXGroup;
			children = (
				64B7498C2A3CE11B009D6EF2 /* StartButtonView.swift */,
				64B749B32A3D7D14009D6EF2 /* OnboardingCardView.swift */,
			);
			path = Onboarding;
			sourceTree = "<group>";
		};
		64B7498E2A3CE11B009D6EF2 /* Player */ = {
			isa = PBXGroup;
			children = (
				64B7498F2A3CE11B009D6EF2 /* VideoPlayerView.swift */,
			);
			path = Player;
			sourceTree = "<group>";
		};
		64B749902A3CE11B009D6EF2 /* Extention */ = {
			isa = PBXGroup;
			children = (
				649677AF2A420A4A00F032F0 /* UIDevice.swift */,
				64B749912A3CE11B009D6EF2 /* Date+RawPepresentable.swift */,
				64B749922A3CE11B009D6EF2 /* CodableBundleExtention.swift */,
				64B749932A3CE11B009D6EF2 /* UIApplication+AppVersions.swift */,
			);
			path = Extention;
			sourceTree = "<group>";
		};
		64E67F762A6BED5F0045C91F /* JSON */ = {
			isa = PBXGroup;
			children = (
				64E67F772A6BED6F0045C91F /* classes.json */,
				64E67F782A6BED6F0045C91F /* onboarding.json */,
			);
			path = JSON;
			sourceTree = "<group>";
		};
/* End PBXGroup section */

/* Begin PBXNativeTarget section */
		64B749502A3CE013009D6EF2 /* dancefree */ = {
			isa = PBXNativeTarget;
			buildConfigurationList = 64B7495F2A3CE013009D6EF2 /* Build configuration list for PBXNativeTarget "dancefree" */;
			buildPhases = (
				64B7494D2A3CE013009D6EF2 /* Sources */,
				64B7494E2A3CE013009D6EF2 /* Frameworks */,
				64B7494F2A3CE013009D6EF2 /* Resources */,
			);
			buildRules = (
			);
			dependencies = (
			);
			name = dancefree;
			packageProductDependencies = (
			);
			productName = dancefree;
			productReference = 64B749512A3CE013009D6EF2 /* dancefree.app */;
			productType = "com.apple.product-type.application";
		};
/* End PBXNativeTarget section */

/* Begin PBXProject section */
		64B749492A3CE013009D6EF2 /* Project object */ = {
			isa = PBXProject;
			attributes = {
				BuildIndependentTargetsInParallel = 1;
				LastSwiftUpdateCheck = 1430;
				LastUpgradeCheck = 1430;
				TargetAttributes = {
					64B749502A3CE013009D6EF2 = {
						CreatedOnToolsVersion = 14.3;
					};
				};
			};
			buildConfigurationList = 64B7494C2A3CE013009D6EF2 /* Build configuration list for PBXProject "dancefree" */;
			compatibilityVersion = "Xcode 14.0";
			developmentRegion = en;
			hasScannedForEncodings = 0;
			knownRegions = (
				en,
				Base,
			);
			mainGroup = 64B749482A3CE013009D6EF2;
			packageReferences = (
			);
			productRefGroup = 64B749522A3CE013009D6EF2 /* Products */;
			projectDirPath = "";
			projectRoot = "";
			targets = (
				64B749502A3CE013009D6EF2 /* dancefree */,
			);
		};
/* End PBXProject section */

/* Begin PBXResourcesBuildPhase section */
		64B7494F2A3CE013009D6EF2 /* Resources */ = {
			isa = PBXResourcesBuildPhase;
			buildActionMask = 2147483647;
			files = (
				64B7495C2A3CE013009D6EF2 /* Preview Assets.xcassets in Resources */,
				64B749592A3CE013009D6EF2 /* Assets.xcassets in Resources */,
				64E67F792A6BED6F0045C91F /* classes.json in Resources */,
				64B749AE2A3CE3D1009D6EF2 /* lesson_twerk_1.mp4 in Resources */,
				64E67F7A2A6BED6F0045C91F /* onboarding.json in Resources */,
			);
			runOnlyForDeploymentPostprocessing = 0;
		};
/* End PBXResourcesBuildPhase section */

/* Begin PBXSourcesBuildPhase section */
		64B7494D2A3CE013009D6EF2 /* Sources */ = {
			isa = PBXSourcesBuildPhase;
			buildActionMask = 2147483647;
			files = (
				64B7496C2A3CE0E6009D6EF2 /* SettingsView.swift in Sources */,
				64B749A12A3CE11B009D6EF2 /* ClassCardView.swift in Sources */,
				64B7499D2A3CE11B009D6EF2 /* VideoCardView.swift in Sources */,
				64B749B42A3D7D14009D6EF2 /* OnboardingCardView.swift in Sources */,
				649677AB2A4202BE00F032F0 /* MailView.swift in Sources */,
				649677AE2A4207BF00F032F0 /* MailConfiguration.swift in Sources */,
				64B749A62A3CE11B009D6EF2 /* VideoPlayerView.swift in Sources */,
				641FA3352A49A2DA00EB8C54 /* Constant.swift in Sources */,
				64B7496F2A3CE0E6009D6EF2 /* MainView.swift in Sources */,
				64B7499C2A3CE11B009D6EF2 /* NotificationsManager.swift in Sources */,
				64B749A22A3CE11B009D6EF2 /* VideoListItemView.swift in Sources */,
				649677B02A420A4A00F032F0 /* UIDevice.swift in Sources */,
				64B749A72A3CE11B009D6EF2 /* Date+RawPepresentable.swift in Sources */,
				64B7499E2A3CE11B009D6EF2 /* ClassHeaderView.swift in Sources */,
				64B749712A3CE0E6009D6EF2 /* ContentView.swift in Sources */,
				64B749A92A3CE11B009D6EF2 /* UIApplication+AppVersions.swift in Sources */,
				64B7496D2A3CE0E6009D6EF2 /* HomeView.swift in Sources */,
				64B749A02A3CE11B009D6EF2 /* VideoImageItemView.swift in Sources */,
				64B749982A3CE11B009D6EF2 /* VideoModel.swift in Sources */,
				64B749552A3CE013009D6EF2 /* dancefreeApp.swift in Sources */,
				64B749A42A3CE11B009D6EF2 /* StartButtonView.swift in Sources */,
				64B7499F2A3CE11B009D6EF2 /* LessonsTabView.swift in Sources */,
				64B749A82A3CE11B009D6EF2 /* CodableBundleExtention.swift in Sources */,
				64B749722A3CE0E6009D6EF2 /* VideoListView.swift in Sources */,
				64B7496E2A3CE0E6009D6EF2 /* ClassesView.swift in Sources */,
				64B749992A3CE11B009D6EF2 /* ClassModel.swift in Sources */,
				64B749702A3CE0E6009D6EF2 /* OnboardingView.swift in Sources */,
				64B7499A2A3CE11B009D6EF2 /* OnBoardingModel.swift in Sources */,
			);
			runOnlyForDeploymentPostprocessing = 0;
		};
/* End PBXSourcesBuildPhase section */

/* Begin XCBuildConfiguration section */
		64B7495D2A3CE013009D6EF2 /* Debug */ = {
			isa = XCBuildConfiguration;
			buildSettings = {
				ALWAYS_SEARCH_USER_PATHS = NO;
				CLANG_ANALYZER_NONNULL = YES;
				CLANG_ANALYZER_NUMBER_OBJECT_CONVERSION = YES_AGGRESSIVE;
				CLANG_CXX_LANGUAGE_STANDARD = "gnu++20";
				CLANG_ENABLE_MODULES = YES;
				CLANG_ENABLE_OBJC_ARC = YES;
				CLANG_ENABLE_OBJC_WEAK = YES;
				CLANG_WARN_BLOCK_CAPTURE_AUTORELEASING = YES;
				CLANG_WARN_BOOL_CONVERSION = YES;
				CLANG_WARN_COMMA = YES;
				CLANG_WARN_CONSTANT_CONVERSION = YES;
				CLANG_WARN_DEPRECATED_OBJC_IMPLEMENTATIONS = YES;
				CLANG_WARN_DIRECT_OBJC_ISA_USAGE = YES_ERROR;
				CLANG_WARN_DOCUMENTATION_COMMENTS = YES;
				CLANG_WARN_EMPTY_BODY = YES;
				CLANG_WARN_ENUM_CONVERSION = YES;
				CLANG_WARN_INFINITE_RECURSION = YES;
				CLANG_WARN_INT_CONVERSION = YES;
				CLANG_WARN_NON_LITERAL_NULL_CONVERSION = YES;
				CLANG_WARN_OBJC_IMPLICIT_RETAIN_SELF = YES;
				CLANG_WARN_OBJC_LITERAL_CONVERSION = YES;
				CLANG_WARN_OBJC_ROOT_CLASS = YES_ERROR;
				CLANG_WARN_QUOTED_INCLUDE_IN_FRAMEWORK_HEADER = YES;
				CLANG_WARN_RANGE_LOOP_ANALYSIS = YES;
				CLANG_WARN_STRICT_PROTOTYPES = YES;
				CLANG_WARN_SUSPICIOUS_MOVE = YES;
				CLANG_WARN_UNGUARDED_AVAILABILITY = YES_AGGRESSIVE;
				CLANG_WARN_UNREACHABLE_CODE = YES;
				CLANG_WARN__DUPLICATE_METHOD_MATCH = YES;
				COPY_PHASE_STRIP = NO;
				DEBUG_INFORMATION_FORMAT = dwarf;
				ENABLE_STRICT_OBJC_MSGSEND = YES;
				ENABLE_TESTABILITY = YES;
				GCC_C_LANGUAGE_STANDARD = gnu11;
				GCC_DYNAMIC_NO_PIC = NO;
				GCC_NO_COMMON_BLOCKS = YES;
				GCC_OPTIMIZATION_LEVEL = 0;
				GCC_PREPROCESSOR_DEFINITIONS = (
					"DEBUG=1",
					"$(inherited)",
				);
				GCC_WARN_64_TO_32_BIT_CONVERSION = YES;
				GCC_WARN_ABOUT_RETURN_TYPE = YES_ERROR;
				GCC_WARN_UNDECLARED_SELECTOR = YES;
				GCC_WARN_UNINITIALIZED_AUTOS = YES_AGGRESSIVE;
				GCC_WARN_UNUSED_FUNCTION = YES;
				GCC_WARN_UNUSED_VARIABLE = YES;
				IPHONEOS_DEPLOYMENT_TARGET = 16.0;
				MTL_ENABLE_DEBUG_INFO = INCLUDE_SOURCE;
				MTL_FAST_MATH = YES;
				ONLY_ACTIVE_ARCH = YES;
				SDKROOT = iphoneos;
				SWIFT_ACTIVE_COMPILATION_CONDITIONS = DEBUG;
				SWIFT_OPTIMIZATION_LEVEL = "-Onone";
			};
			name = Debug;
		};
		64B7495E2A3CE013009D6EF2 /* Release */ = {
			isa = XCBuildConfiguration;
			buildSettings = {
				ALWAYS_SEARCH_USER_PATHS = NO;
				CLANG_ANALYZER_NONNULL = YES;
				CLANG_ANALYZER_NUMBER_OBJECT_CONVERSION = YES_AGGRESSIVE;
				CLANG_CXX_LANGUAGE_STANDARD = "gnu++20";
				CLANG_ENABLE_MODULES = YES;
				CLANG_ENABLE_OBJC_ARC = YES;
				CLANG_ENABLE_OBJC_WEAK = YES;
				CLANG_WARN_BLOCK_CAPTURE_AUTORELEASING = YES;
				CLANG_WARN_BOOL_CONVERSION = YES;
				CLANG_WARN_COMMA = YES;
				CLANG_WARN_CONSTANT_CONVERSION = YES;
				CLANG_WARN_DEPRECATED_OBJC_IMPLEMENTATIONS = YES;
				CLANG_WARN_DIRECT_OBJC_ISA_USAGE = YES_ERROR;
				CLANG_WARN_DOCUMENTATION_COMMENTS = YES;
				CLANG_WARN_EMPTY_BODY = YES;
				CLANG_WARN_ENUM_CONVERSION = YES;
				CLANG_WARN_INFINITE_RECURSION = YES;
				CLANG_WARN_INT_CONVERSION = YES;
				CLANG_WARN_NON_LITERAL_NULL_CONVERSION = YES;
				CLANG_WARN_OBJC_IMPLICIT_RETAIN_SELF = YES;
				CLANG_WARN_OBJC_LITERAL_CONVERSION = YES;
				CLANG_WARN_OBJC_ROOT_CLASS = YES_ERROR;
				CLANG_WARN_QUOTED_INCLUDE_IN_FRAMEWORK_HEADER = YES;
				CLANG_WARN_RANGE_LOOP_ANALYSIS = YES;
				CLANG_WARN_STRICT_PROTOTYPES = YES;
				CLANG_WARN_SUSPICIOUS_MOVE = YES;
				CLANG_WARN_UNGUARDED_AVAILABILITY = YES_AGGRESSIVE;
				CLANG_WARN_UNREACHABLE_CODE = YES;
				CLANG_WARN__DUPLICATE_METHOD_MATCH = YES;
				COPY_PHASE_STRIP = NO;
				DEBUG_INFORMATION_FORMAT = "dwarf-with-dsym";
				ENABLE_NS_ASSERTIONS = NO;
				ENABLE_STRICT_OBJC_MSGSEND = YES;
				GCC_C_LANGUAGE_STANDARD = gnu11;
				GCC_NO_COMMON_BLOCKS = YES;
				GCC_WARN_64_TO_32_BIT_CONVERSION = YES;
				GCC_WARN_ABOUT_RETURN_TYPE = YES_ERROR;
				GCC_WARN_UNDECLARED_SELECTOR = YES;
				GCC_WARN_UNINITIALIZED_AUTOS = YES_AGGRESSIVE;
				GCC_WARN_UNUSED_FUNCTION = YES;
				GCC_WARN_UNUSED_VARIABLE = YES;
				IPHONEOS_DEPLOYMENT_TARGET = 16.0;
				MTL_ENABLE_DEBUG_INFO = NO;
				MTL_FAST_MATH = YES;
				SDKROOT = iphoneos;
				SWIFT_COMPILATION_MODE = wholemodule;
				SWIFT_OPTIMIZATION_LEVEL = "-O";
				VALIDATE_PRODUCT = YES;
			};
			name = Release;
		};
		64B749602A3CE013009D6EF2 /* Debug */ = {
			isa = XCBuildConfiguration;
			buildSettings = {
				ASSETCATALOG_COMPILER_APPICON_NAME = AppIcon;
				ASSETCATALOG_COMPILER_GLOBAL_ACCENT_COLOR_NAME = AccentColor;
				CODE_SIGN_ENTITLEMENTS = dancefree/dancefree.entitlements;
				CODE_SIGN_STYLE = Automatic;
				CURRENT_PROJECT_VERSION = 1;
				DEVELOPMENT_ASSET_PATHS = "\"dancefree/Preview Content\"";
				DEVELOPMENT_TEAM = AWDSZNV22L;
				ENABLE_PREVIEWS = YES;
				GENERATE_INFOPLIST_FILE = YES;
				INFOPLIST_FILE = dancefree/Info.plist;
				INFOPLIST_KEY_CFBundleDisplayName = Free2Dance;
				INFOPLIST_KEY_UIApplicationSceneManifest_Generation = YES;
				INFOPLIST_KEY_UIApplicationSupportsIndirectInputEvents = YES;
				INFOPLIST_KEY_UILaunchScreen_Generation = YES;
				INFOPLIST_KEY_UISupportedInterfaceOrientations_iPad = "UIInterfaceOrientationPortrait UIInterfaceOrientationPortraitUpsideDown UIInterfaceOrientationLandscapeLeft UIInterfaceOrientationLandscapeRight";
				INFOPLIST_KEY_UISupportedInterfaceOrientations_iPhone = "UIInterfaceOrientationPortrait UIInterfaceOrientationLandscapeLeft UIInterfaceOrientationLandscapeRight";
				INFOPLIST_KEY_UIUserInterfaceStyle = Dark;
				IPHONEOS_DEPLOYMENT_TARGET = 16.0;
				LD_RUNPATH_SEARCH_PATHS = (
					"$(inherited)",
					"@executable_path/Frameworks",
				);
				MARKETING_VERSION = "1.0.0 DEBUG";
				PRODUCT_BUNDLE_IDENTIFIER = com.samoshyn.dancefreeapp;
				PRODUCT_NAME = "$(TARGET_NAME)";
				SUPPORTED_PLATFORMS = "iphoneos iphonesimulator";
				SUPPORTS_MACCATALYST = NO;
				SUPPORTS_MAC_DESIGNED_FOR_IPHONE_IPAD = NO;
				SWIFT_EMIT_LOC_STRINGS = YES;
				SWIFT_VERSION = 5.0;
				TARGETED_DEVICE_FAMILY = 1;
			};
			name = Debug;
		};
		64B749612A3CE013009D6EF2 /* Release */ = {
			isa = XCBuildConfiguration;
			buildSettings = {
				ASSETCATALOG_COMPILER_APPICON_NAME = AppIcon;
				ASSETCATALOG_COMPILER_GLOBAL_ACCENT_COLOR_NAME = AccentColor;
				CODE_SIGN_ENTITLEMENTS = dancefree/dancefree.entitlements;
				CODE_SIGN_STYLE = Automatic;
				CURRENT_PROJECT_VERSION = 1;
				DEVELOPMENT_ASSET_PATHS = "\"dancefree/Preview Content\"";
				DEVELOPMENT_TEAM = AWDSZNV22L;
				ENABLE_PREVIEWS = YES;
				GENERATE_INFOPLIST_FILE = YES;
				INFOPLIST_FILE = dancefree/Info.plist;
				INFOPLIST_KEY_CFBundleDisplayName = Free2Dance;
				INFOPLIST_KEY_UIApplicationSceneManifest_Generation = YES;
				INFOPLIST_KEY_UIApplicationSupportsIndirectInputEvents = YES;
				INFOPLIST_KEY_UILaunchScreen_Generation = YES;
				INFOPLIST_KEY_UISupportedInterfaceOrientations_iPad = "UIInterfaceOrientationPortrait UIInterfaceOrientationPortraitUpsideDown UIInterfaceOrientationLandscapeLeft UIInterfaceOrientationLandscapeRight";
				INFOPLIST_KEY_UISupportedInterfaceOrientations_iPhone = "UIInterfaceOrientationPortrait UIInterfaceOrientationLandscapeLeft UIInterfaceOrientationLandscapeRight";
				INFOPLIST_KEY_UIUserInterfaceStyle = Dark;
				IPHONEOS_DEPLOYMENT_TARGET = 16.0;
				LD_RUNPATH_SEARCH_PATHS = (
					"$(inherited)",
					"@executable_path/Frameworks",
				);
				MARKETING_VERSION = 1.0.0;
				PRODUCT_BUNDLE_IDENTIFIER = com.samoshyn.dancefreeapp;
				PRODUCT_NAME = "$(TARGET_NAME)";
				SUPPORTED_PLATFORMS = "iphoneos iphonesimulator";
				SUPPORTS_MACCATALYST = NO;
				SUPPORTS_MAC_DESIGNED_FOR_IPHONE_IPAD = NO;
				SWIFT_EMIT_LOC_STRINGS = YES;
				SWIFT_VERSION = 5.0;
				TARGETED_DEVICE_FAMILY = 1;
			};
			name = Release;
		};
/* End XCBuildConfiguration section */

/* Begin XCConfigurationList section */
		64B7494C2A3CE013009D6EF2 /* Build configuration list for PBXProject "dancefree" */ = {
			isa = XCConfigurationList;
			buildConfigurations = (
				64B7495D2A3CE013009D6EF2 /* Debug */,
				64B7495E2A3CE013009D6EF2 /* Release */,
			);
			defaultConfigurationIsVisible = 0;
			defaultConfigurationName = Release;
		};
		64B7495F2A3CE013009D6EF2 /* Build configuration list for PBXNativeTarget "dancefree" */ = {
			isa = XCConfigurationList;
			buildConfigurations = (
				64B749602A3CE013009D6EF2 /* Debug */,
				64B749612A3CE013009D6EF2 /* Release */,
			);
			defaultConfigurationIsVisible = 0;
			defaultConfigurationName = Release;
		};
/* End XCConfigurationList section */
	};
	rootObject = 64B749492A3CE013009D6EF2 /* Project object */;
}
